<?xml version="1.0" encoding="utf-8"?>
<Project ToolsVersion="4.0" xmlns="http://schemas.microsoft.com/developer/msbuild/2003">
  <ItemGroup>
    <Filter Include="Source Files">
      <UniqueIdentifier>{4FC737F1-C7A5-4376-A066-2A32D752A2FF}</UniqueIdentifier>
      <Extensions>cpp;c;cc;cxx;def;odl;idl;hpj;bat;asm;asmx</Extensions>
    </Filter>
    <Filter Include="Header Files">
      <UniqueIdentifier>{93995380-89BD-4b04-88EB-625FBE52EBFB}</UniqueIdentifier>
      <Extensions>h;hh;hpp;hxx;hm;inl;inc;xsd</Extensions>
    </Filter>
    <Filter Include="Resource Files">
      <UniqueIdentifier>{67DA6AB6-F800-4c08-8B7A-83BB121AAD01}</UniqueIdentifier>
      <Extensions>rc;ico;cur;bmp;dlg;rc2;rct;bin;rgs;gif;jpg;jpeg;jpe;resx;tiff;tif;png;wav;mfcribbon-ms</Extensions>
    </Filter>
    <Filter Include="Source Files\ext">
      <UniqueIdentifier>{8af84f8d-33c2-4e09-a350-825f4cab2801}</UniqueIdentifier>
    </Filter>
    <Filter Include="Source Files\ext\ogg">
      <UniqueIdentifier>{ce9bfda8-7bb2-4a8c-a384-1e2bb07c9a8c}</UniqueIdentifier>
    </Filter>
    <Filter Include="Source Files\ext\vorbis">
      <UniqueIdentifier>{5cc76f07-7d4c-45a1-99a3-dccceec10e2e}</UniqueIdentifier>
    </Filter>
  </ItemGroup>
  <ItemGroup>
    <ClInclude Include="src\core\math\cmath.hpp">
      <Filter>Header Files</Filter>
    </ClInclude>
    <ClInclude Include="src\core\animation.h">
      <Filter>Header Files</Filter>
    </ClInclude>
    <ClInclude Include="src\core\buttons.h">
      <Filter>Header Files</Filter>
    </ClInclude>
    <ClInclude Include="src\core\camera.h">
      <Filter>Header Files</Filter>
    </ClInclude>
    <ClInclude Include="src\core\define.h">
      <Filter>Header Files</Filter>
    </ClInclude>
    <ClInclude Include="src\core\framebuffer.h">
      <Filter>Header Files</Filter>
    </ClInclude>
    <ClInclude Include="src\core\fullscreenquad.h">
      <Filter>Header Files</Filter>
    </ClInclude>
    <ClInclude Include="src\core\list.hpp">
      <Filter>Header Files</Filter>
    </ClInclude>
    <ClInclude Include="src\core\model.h">
      <Filter>Header Files</Filter>
    </ClInclude>
    <ClInclude Include="src\core\pointsprite.h">
      <Filter>Header Files</Filter>
    </ClInclude>
    <ClInclude Include="src\core\program.h">
      <Filter>Header Files</Filter>
    </ClInclude>
    <ClInclude Include="src\core\scene.h">
      <Filter>Header Files</Filter>
    </ClInclude>
    <ClInclude Include="src\core\shadow.h">
      <Filter>Header Files</Filter>
    </ClInclude>
    <ClInclude Include="src\core\sound.h">
      <Filter>Header Files</Filter>
    </ClInclude>
    <ClInclude Include="src\core\sprite.h">
      <Filter>Header Files</Filter>
    </ClInclude>
    <ClInclude Include="src\core\terrain.h">
      <Filter>Header Files</Filter>
    </ClInclude>
    <ClInclude Include="src\core\textbitmap.h">
      <Filter>Header Files</Filter>
    </ClInclude>
    <ClInclude Include="src\core\unit.h">
      <Filter>Header Files</Filter>
    </ClInclude>
    <ClInclude Include="src\core\utils.h">
      <Filter>Header Files</Filter>
    </ClInclude>
    <ClInclude Include="src\demo.h">
      <Filter>Header Files</Filter>
    </ClInclude>
    <ClInclude Include="src\opengltest.h">
      <Filter>Header Files</Filter>
    </ClInclude>
    <ClInclude Include="src\utaircraft.h">
      <Filter>Header Files</Filter>
    </ClInclude>
    <ClInclude Include="src\core\vorbis\books\coupled\res_books_51.h">
      <Filter>Header Files</Filter>
    </ClInclude>
    <ClInclude Include="src\core\vorbis\books\coupled\res_books_stereo.h">
      <Filter>Header Files</Filter>
    </ClInclude>
    <ClInclude Include="src\core\vorbis\books\floor\floor_books.h">
      <Filter>Header Files</Filter>
    </ClInclude>
    <ClInclude Include="src\core\vorbis\books\uncoupled\res_books_uncoupled.h">
      <Filter>Header Files</Filter>
    </ClInclude>
    <ClInclude Include="src\core\vorbis\modes\floor_all.h">
      <Filter>Header Files</Filter>
    </ClInclude>
    <ClInclude Include="src\core\vorbis\modes\psych_8.h">
      <Filter>Header Files</Filter>
    </ClInclude>
    <ClInclude Include="src\core\vorbis\modes\psych_11.h">
      <Filter>Header Files</Filter>
    </ClInclude>
    <ClInclude Include="src\core\vorbis\modes\psych_16.h">
      <Filter>Header Files</Filter>
    </ClInclude>
    <ClInclude Include="src\core\vorbis\modes\psych_44.h">
      <Filter>Header Files</Filter>
    </ClInclude>
    <ClInclude Include="src\core\vorbis\modes\residue_8.h">
      <Filter>Header Files</Filter>
    </ClInclude>
    <ClInclude Include="src\core\vorbis\modes\residue_16.h">
      <Filter>Header Files</Filter>
    </ClInclude>
    <ClInclude Include="src\core\vorbis\modes\residue_44.h">
      <Filter>Header Files</Filter>
    </ClInclude>
    <ClInclude Include="src\core\vorbis\modes\residue_44p51.h">
      <Filter>Header Files</Filter>
    </ClInclude>
    <ClInclude Include="src\core\vorbis\modes\residue_44u.h">
      <Filter>Header Files</Filter>
    </ClInclude>
    <ClInclude Include="src\core\vorbis\modes\setup_8.h">
      <Filter>Header Files</Filter>
    </ClInclude>
    <ClInclude Include="src\core\vorbis\modes\setup_11.h">
      <Filter>Header Files</Filter>
    </ClInclude>
    <ClInclude Include="src\core\vorbis\modes\setup_16.h">
      <Filter>Header Files</Filter>
    </ClInclude>
    <ClInclude Include="src\core\vorbis\modes\setup_22.h">
      <Filter>Header Files</Filter>
    </ClInclude>
    <ClInclude Include="src\core\vorbis\modes\setup_32.h">
      <Filter>Header Files</Filter>
    </ClInclude>
    <ClInclude Include="src\core\vorbis\modes\setup_44.h">
      <Filter>Header Files</Filter>
    </ClInclude>
    <ClInclude Include="src\core\vorbis\modes\setup_44p51.h">
      <Filter>Header Files</Filter>
    </ClInclude>
    <ClInclude Include="src\core\vorbis\modes\setup_44u.h">
      <Filter>Header Files</Filter>
    </ClInclude>
    <ClInclude Include="src\core\vorbis\modes\setup_X.h">
      <Filter>Header Files</Filter>
    </ClInclude>
    <ClInclude Include="src\core\vorbis\backends.h">
      <Filter>Header Files</Filter>
    </ClInclude>
    <ClInclude Include="src\core\vorbis\bitrate.h">
      <Filter>Header Files</Filter>
    </ClInclude>
    <ClInclude Include="src\core\vorbis\codebook.h">
      <Filter>Header Files</Filter>
    </ClInclude>
    <ClInclude Include="src\core\vorbis\codec_internal.h">
      <Filter>Header Files</Filter>
    </ClInclude>
    <ClInclude Include="src\core\vorbis\envelope.h">
      <Filter>Header Files</Filter>
    </ClInclude>
    <ClInclude Include="src\core\vorbis\highlevel.h">
      <Filter>Header Files</Filter>
    </ClInclude>
    <ClInclude Include="src\core\vorbis\lookup.h">
      <Filter>Header Files</Filter>
    </ClInclude>
    <ClInclude Include="src\core\vorbis\lookup_data.h">
      <Filter>Header Files</Filter>
    </ClInclude>
    <ClInclude Include="src\core\vorbis\lpc.h">
      <Filter>Header Files</Filter>
    </ClInclude>
    <ClInclude Include="src\core\vorbis\lsp.h">
      <Filter>Header Files</Filter>
    </ClInclude>
    <ClInclude Include="src\core\vorbis\masking.h">
      <Filter>Header Files</Filter>
    </ClInclude>
    <ClInclude Include="src\core\vorbis\mdct.h">
      <Filter>Header Files</Filter>
    </ClInclude>
    <ClInclude Include="src\core\vorbis\misc.h">
      <Filter>Header Files</Filter>
    </ClInclude>
    <ClInclude Include="src\core\vorbis\os.h">
      <Filter>Header Files</Filter>
    </ClInclude>
    <ClInclude Include="src\core\vorbis\psy.h">
      <Filter>Header Files</Filter>
    </ClInclude>
    <ClInclude Include="src\core\vorbis\registry.h">
      <Filter>Header Files</Filter>
    </ClInclude>
    <ClInclude Include="src\core\vorbis\scales.h">
      <Filter>Header Files</Filter>
    </ClInclude>
    <ClInclude Include="src\core\vorbis\smallft.h">
      <Filter>Header Files</Filter>
    </ClInclude>
    <ClInclude Include="src\core\vorbis\window.h">
      <Filter>Header Files</Filter>
    </ClInclude>
  </ItemGroup>
  <ItemGroup>
    <ClCompile Include="src\core\animation.cpp">
      <Filter>Source Files</Filter>
    </ClCompile>
    <ClCompile Include="src\core\buttons.cpp">
      <Filter>Source Files</Filter>
    </ClCompile>
    <ClCompile Include="src\core\camera.cpp">
      <Filter>Source Files</Filter>
    </ClCompile>
    <ClCompile Include="src\core\framebuffer.cpp">
      <Filter>Source Files</Filter>
    </ClCompile>
    <ClCompile Include="src\core\fullscreenquad.cpp">
      <Filter>Source Files</Filter>
    </ClCompile>
    <ClCompile Include="src\core\model.cpp">
      <Filter>Source Files</Filter>
    </ClCompile>
    <ClCompile Include="src\core\pointsprite.cpp">
      <Filter>Source Files</Filter>
    </ClCompile>
    <ClCompile Include="src\core\program.cpp">
      <Filter>Source Files</Filter>
    </ClCompile>
    <ClCompile Include="src\core\scene.cpp">
      <Filter>Source Files</Filter>
    </ClCompile>
    <ClCompile Include="src\core\shadow.cpp">
      <Filter>Source Files</Filter>
    </ClCompile>
    <ClCompile Include="src\core\sound.cpp">
      <Filter>Source Files</Filter>
    </ClCompile>
    <ClCompile Include="src\core\sprite.cpp">
      <Filter>Source Files</Filter>
    </ClCompile>
    <ClCompile Include="src\core\terrain.cpp">
      <Filter>Source Files</Filter>
    </ClCompile>
    <ClCompile Include="src\core\textbitmap.cpp">
      <Filter>Source Files</Filter>
    </ClCompile>
    <ClCompile Include="src\core\unit.cpp">
      <Filter>Source Files</Filter>
    </ClCompile>
    <ClCompile Include="src\core\utils.cpp">
      <Filter>Source Files</Filter>
    </ClCompile>
    <ClCompile Include="src\demo.cpp">
      <Filter>Source Files</Filter>
    </ClCompile>
    <ClCompile Include="src\main.cpp">
      <Filter>Source Files</Filter>
    </ClCompile>
    <ClCompile Include="src\opengltest.cpp">
      <Filter>Source Files</Filter>
    </ClCompile>
    <ClCompile Include="src\utaircraft.cpp">
      <Filter>Source Files</Filter>
    </ClCompile>
    <ClCompile Include="src\core\vorbis\analysis.c">
      <Filter>Source Files</Filter>
    </ClCompile>
    <ClCompile Include="src\core\vorbis\bitrate.c">
      <Filter>Source Files</Filter>
    </ClCompile>
    <ClCompile Include="src\core\vorbis\block.c">
      <Filter>Source Files</Filter>
    </ClCompile>
    <ClCompile Include="src\core\vorbis\codebook.c">
      <Filter>Source Files</Filter>
    </ClCompile>
    <ClCompile Include="src\core\vorbis\envelope.c">
      <Filter>Source Files</Filter>
    </ClCompile>
    <ClCompile Include="src\core\vorbis\floor0.c">
      <Filter>Source Files</Filter>
    </ClCompile>
    <ClCompile Include="src\core\vorbis\floor1.c">
      <Filter>Source Files</Filter>
    </ClCompile>
    <ClCompile Include="src\core\vorbis\info.c">
      <Filter>Source Files</Filter>
    </ClCompile>
    <ClCompile Include="src\core\vorbis\lookup.c">
      <Filter>Source Files</Filter>
    </ClCompile>
    <ClCompile Include="src\core\vorbis\lpc.c">
      <Filter>Source Files</Filter>
    </ClCompile>
    <ClCompile Include="src\core\vorbis\lsp.c">
      <Filter>Source Files</Filter>
    </ClCompile>
    <ClCompile Include="src\core\vorbis\mapping0.c">
      <Filter>Source Files</Filter>
    </ClCompile>
    <ClCompile Include="src\core\vorbis\mdct.c">
      <Filter>Source Files</Filter>
    </ClCompile>
    <ClCompile Include="src\core\vorbis\psy.c">
      <Filter>Source Files</Filter>
    </ClCompile>
    <ClCompile Include="src\core\vorbis\registry.c">
      <Filter>Source Files</Filter>
    </ClCompile>
    <ClCompile Include="src\core\vorbis\res0.c">
      <Filter>Source Files</Filter>
    </ClCompile>
    <ClCompile Include="src\core\vorbis\sharedbook.c">
      <Filter>Source Files</Filter>
    </ClCompile>
    <ClCompile Include="src\core\vorbis\smallft.c">
      <Filter>Source Files</Filter>
    </ClCompile>
    <ClCompile Include="src\core\vorbis\synthesis.c">
      <Filter>Source Files</Filter>
    </ClCompile>
    <ClCompile Include="src\core\vorbis\vorbisenc.c">
      <Filter>Source Files</Filter>
    </ClCompile>
    <ClCompile Include="src\core\vorbis\vorbisfile.c">
      <Filter>Source Files</Filter>
    </ClCompile>
    <ClCompile Include="src\core\vorbis\window.c">
      <Filter>Source Files</Filter>
    </ClCompile>
    <ClCompile Include="src\core\ogg\bitwise.c">
      <Filter>Source Files</Filter>
    </ClCompile>
    <ClCompile Include="src\core\ogg\framing.c">
      <Filter>Source Files</Filter>
    </ClCompile>
  </ItemGroup>
</Project>