<?xml version="1.0" encoding="utf-8"?>
<Project ToolsVersion="4.0" xmlns="http://schemas.microsoft.com/developer/msbuild/2003">
  <ItemGroup>
    <Filter Include="源文件">
      <UniqueIdentifier>{4FC737F1-C7A5-4376-A066-2A32D752A2FF}</UniqueIdentifier>
      <Extensions>cpp;c;cc;cxx;def;odl;idl;hpj;bat;asm;asmx</Extensions>
    </Filter>
    <Filter Include="头文件">
      <UniqueIdentifier>{93995380-89BD-4b04-88EB-625FBE52EBFB}</UniqueIdentifier>
      <Extensions>h;hh;hpp;hxx;hm;inl;inc;ipp;xsd</Extensions>
    </Filter>
    <Filter Include="资源文件">
      <UniqueIdentifier>{67DA6AB6-F800-4c08-8B7A-83BB121AAD01}</UniqueIdentifier>
      <Extensions>rc;ico;cur;bmp;dlg;rc2;rct;bin;rgs;gif;jpg;jpeg;jpe;resx;tiff;tif;png;wav;mfcribbon-ms</Extensions>
    </Filter>
    <Filter Include="源文件\freetype">
      <UniqueIdentifier>{c9fbd2bc-d8b3-4df8-b7e6-57ac9181470e}</UniqueIdentifier>
    </Filter>
    <Filter Include="源文件\freetype\FT_MODULES">
      <UniqueIdentifier>{06b2f270-d668-4fd1-9429-fbbc64ea3b0a}</UniqueIdentifier>
    </Filter>
    <Filter Include="源文件\UT_MODULES">
      <UniqueIdentifier>{9f21ed29-6194-46b4-8fa0-a46a74df52a9}</UniqueIdentifier>
    </Filter>
    <Filter Include="源文件\core">
      <UniqueIdentifier>{6626b4ed-293d-44ca-9652-396ca1e0839e}</UniqueIdentifier>
    </Filter>
    <Filter Include="源文件\math">
      <UniqueIdentifier>{a3efe4ba-4e7f-4cd6-be11-1049eb39c675}</UniqueIdentifier>
    </Filter>
  </ItemGroup>
  <ItemGroup>
    <ClCompile Include="buttons.cpp">
      <Filter>源文件</Filter>
    </ClCompile>
    <ClCompile Include="main.cpp">
      <Filter>源文件</Filter>
    </ClCompile>
    <ClCompile Include="opengltest.cpp">
      <Filter>源文件</Filter>
    </ClCompile>
    <ClCompile Include="freetype\src\autofit\autofit.c">
      <Filter>源文件\freetype</Filter>
    </ClCompile>
    <ClCompile Include="freetype\src\bdf\bdf.c">
      <Filter>源文件\freetype</Filter>
    </ClCompile>
    <ClCompile Include="freetype\src\cff\cff.c">
      <Filter>源文件\freetype</Filter>
    </ClCompile>
    <ClCompile Include="freetype\src\pcf\pcf.c">
      <Filter>源文件\freetype</Filter>
    </ClCompile>
    <ClCompile Include="freetype\src\pfr\pfr.c">
      <Filter>源文件\freetype</Filter>
    </ClCompile>
    <ClCompile Include="freetype\src\psaux\psaux.c">
      <Filter>源文件\freetype</Filter>
    </ClCompile>
    <ClCompile Include="freetype\src\pshinter\pshinter.c">
      <Filter>源文件\freetype</Filter>
    </ClCompile>
    <ClCompile Include="freetype\src\psnames\psmodule.c">
      <Filter>源文件\freetype</Filter>
    </ClCompile>
    <ClCompile Include="freetype\src\raster\raster.c">
      <Filter>源文件\freetype</Filter>
    </ClCompile>
    <ClCompile Include="freetype\src\sfnt\sfnt.c">
      <Filter>源文件\freetype</Filter>
    </ClCompile>
    <ClCompile Include="freetype\src\smooth\smooth.c">
      <Filter>源文件\freetype</Filter>
    </ClCompile>
    <ClCompile Include="freetype\src\truetype\truetype.c">
      <Filter>源文件\freetype</Filter>
    </ClCompile>
    <ClCompile Include="freetype\src\type1\type1.c">
      <Filter>源文件\freetype</Filter>
    </ClCompile>
    <ClCompile Include="freetype\src\cid\type1cid.c">
      <Filter>源文件\freetype</Filter>
    </ClCompile>
    <ClCompile Include="freetype\src\type42\type42.c">
      <Filter>源文件\freetype</Filter>
    </ClCompile>
    <ClCompile Include="freetype\src\winfonts\winfnt.c">
      <Filter>源文件\freetype</Filter>
    </ClCompile>
    <ClCompile Include="freetype\src\base\ftbase.c">
      <Filter>源文件\freetype\FT_MODULES</Filter>
    </ClCompile>
    <ClCompile Include="freetype\src\base\ftbbox.c">
      <Filter>源文件\freetype\FT_MODULES</Filter>
    </ClCompile>
    <ClCompile Include="freetype\src\base\ftbdf.c">
      <Filter>源文件\freetype\FT_MODULES</Filter>
    </ClCompile>
    <ClCompile Include="freetype\src\base\ftbitmap.c">
      <Filter>源文件\freetype\FT_MODULES</Filter>
    </ClCompile>
    <ClCompile Include="freetype\src\cache\ftcache.c">
      <Filter>源文件\freetype\FT_MODULES</Filter>
    </ClCompile>
    <ClCompile Include="freetype\src\base\ftcid.c">
      <Filter>源文件\freetype\FT_MODULES</Filter>
    </ClCompile>
    <ClCompile Include="freetype\src\base\ftdebug.c">
      <Filter>源文件\freetype\FT_MODULES</Filter>
    </ClCompile>
    <ClCompile Include="freetype\src\base\ftfntfmt.c">
      <Filter>源文件\freetype\FT_MODULES</Filter>
    </ClCompile>
    <ClCompile Include="freetype\src\base\ftfstype.c">
      <Filter>源文件\freetype\FT_MODULES</Filter>
    </ClCompile>
    <ClCompile Include="freetype\src\base\ftgasp.c">
      <Filter>源文件\freetype\FT_MODULES</Filter>
    </ClCompile>
    <ClCompile Include="freetype\src\base\ftglyph.c">
      <Filter>源文件\freetype\FT_MODULES</Filter>
    </ClCompile>
    <ClCompile Include="freetype\src\base\ftgxval.c">
      <Filter>源文件\freetype\FT_MODULES</Filter>
    </ClCompile>
    <ClCompile Include="freetype\src\gzip\ftgzip.c">
      <Filter>源文件\freetype\FT_MODULES</Filter>
    </ClCompile>
    <ClCompile Include="freetype\src\base\ftinit.c">
      <Filter>源文件\freetype\FT_MODULES</Filter>
    </ClCompile>
    <ClCompile Include="freetype\src\base\ftlcdfil.c">
      <Filter>源文件\freetype\FT_MODULES</Filter>
    </ClCompile>
    <ClCompile Include="freetype\src\lzw\ftlzw.c">
      <Filter>源文件\freetype\FT_MODULES</Filter>
    </ClCompile>
    <ClCompile Include="freetype\src\base\ftmm.c">
      <Filter>源文件\freetype\FT_MODULES</Filter>
    </ClCompile>
    <ClCompile Include="freetype\src\base\ftotval.c">
      <Filter>源文件\freetype\FT_MODULES</Filter>
    </ClCompile>
    <ClCompile Include="freetype\src\base\ftpatent.c">
      <Filter>源文件\freetype\FT_MODULES</Filter>
    </ClCompile>
    <ClCompile Include="freetype\src\base\ftpfr.c">
      <Filter>源文件\freetype\FT_MODULES</Filter>
    </ClCompile>
    <ClCompile Include="freetype\src\base\ftstroke.c">
      <Filter>源文件\freetype\FT_MODULES</Filter>
    </ClCompile>
    <ClCompile Include="freetype\src\base\ftsynth.c">
      <Filter>源文件\freetype\FT_MODULES</Filter>
    </ClCompile>
    <ClCompile Include="freetype\src\base\ftsystem.c">
      <Filter>源文件\freetype\FT_MODULES</Filter>
    </ClCompile>
    <ClCompile Include="freetype\src\base\fttype1.c">
      <Filter>源文件\freetype\FT_MODULES</Filter>
    </ClCompile>
    <ClCompile Include="freetype\src\base\ftwinfnt.c">
      <Filter>源文件\freetype\FT_MODULES</Filter>
    </ClCompile>
    <ClCompile Include="pointsprite.cpp">
      <Filter>源文件</Filter>
    </ClCompile>
    <ClCompile Include="utaircraft.cpp">
      <Filter>源文件\UT_MODULES</Filter>
    </ClCompile>
    <ClCompile Include="animation.cpp">
      <Filter>源文件\core</Filter>
    </ClCompile>
    <ClCompile Include="camera.cpp">
      <Filter>源文件\core</Filter>
    </ClCompile>
    <ClCompile Include="fullscreenquad.cpp">
      <Filter>源文件\core</Filter>
    </ClCompile>
    <ClCompile Include="model.cpp">
      <Filter>源文件\core</Filter>
    </ClCompile>
    <ClCompile Include="program.cpp">
      <Filter>源文件\core</Filter>
    </ClCompile>
    <ClCompile Include="utils.cpp">
      <Filter>源文件\core</Filter>
    </ClCompile>
    <ClCompile Include="textbitmap.cpp">
      <Filter>源文件\core</Filter>
    </ClCompile>
    <ClCompile Include="shadow.cpp">
      <Filter>源文件\core</Filter>
    </ClCompile>
    <ClCompile Include="framebuffer.cpp">
      <Filter>源文件\core</Filter>
    </ClCompile>
    <ClCompile Include="utterrain.cpp">
      <Filter>源文件\UT_MODULES</Filter>
    </ClCompile>
    <ClCompile Include="terrain.cpp">
      <Filter>源文件\core</Filter>
    </ClCompile>
    <ClCompile Include="scene.cpp">
      <Filter>源文件\core</Filter>
    </ClCompile>
    <ClCompile Include="unit.cpp">
      <Filter>源文件\core</Filter>
    </ClCompile>
    <ClCompile Include="demo.h">
      <Filter>头文件</Filter>
    </ClCompile>
    <ClCompile Include="demo.cpp">
      <Filter>源文件</Filter>
    </ClCompile>
    <ClCompile Include="sprite.cpp">
      <Filter>源文件\core</Filter>
    </ClCompile>
  </ItemGroup>
  <ItemGroup>
    <ClInclude Include="buttons.h">
      <Filter>头文件</Filter>
    </ClInclude>
    <ClInclude Include="opengltest.h">
      <Filter>头文件</Filter>
    </ClInclude>
    <ClInclude Include="pointsprite.h">
      <Filter>头文件</Filter>
    </ClInclude>
    <ClInclude Include="utaircraft.h">
      <Filter>源文件\UT_MODULES</Filter>
    </ClInclude>
    <ClInclude Include="esm.hpp">
      <Filter>源文件\math</Filter>
    </ClInclude>
    <ClInclude Include="program.h">
      <Filter>源文件\core</Filter>
    </ClInclude>
    <ClInclude Include="shadow.h">
      <Filter>源文件\core</Filter>
    </ClInclude>
    <ClInclude Include="textbitmap.h">
      <Filter>源文件\core</Filter>
    </ClInclude>
    <ClInclude Include="utils.h">
      <Filter>源文件\core</Filter>
    </ClInclude>
    <ClInclude Include="model.h">
      <Filter>源文件\core</Filter>
    </ClInclude>
    <ClInclude Include="framebuffer.h">
      <Filter>源文件\core</Filter>
    </ClInclude>
    <ClInclude Include="fullscreenquad.h">
      <Filter>源文件\core</Filter>
    </ClInclude>
    <ClInclude Include="camera.h">
      <Filter>源文件\core</Filter>
    </ClInclude>
    <ClInclude Include="animation.h">
      <Filter>源文件\core</Filter>
    </ClInclude>
    <ClInclude Include="utterrain.h">
      <Filter>源文件\UT_MODULES</Filter>
    </ClInclude>
    <ClInclude Include="terrain.h">
      <Filter>源文件\core</Filter>
    </ClInclude>
    <ClInclude Include="define.h">
      <Filter>源文件\core</Filter>
    </ClInclude>
    <ClInclude Include="scene.h">
      <Filter>源文件\core</Filter>
    </ClInclude>
    <ClInclude Include="unit.h">
      <Filter>源文件\core</Filter>
    </ClInclude>
    <ClInclude Include="sprite.h">
      <Filter>源文件\core</Filter>
    </ClInclude>
    <ClInclude Include="list.hpp">
      <Filter>源文件\core</Filter>
    </ClInclude>
  </ItemGroup>
</Project>